
Microsoft Visual Studio Solution File, Format Version 12.00
# Visual Studio Version 17
VisualStudioVersion = 17.5.33424.131
MinimumVisualStudioVersion = 10.0.40219.1
Project("{FAE04EC0-301F-11D3-BF4B-00C04F79EFBC}") = "Mining", "Mining.csproj", "{DD6551AA-4629-4AC4-AF03-9D225D9459AF}"
EndProject
Global
	GlobalSection(SolutionConfigurationPlatforms) = preSolution
		Debug|Any CPU = Debug|Any CPU
		Release|Any CPU = Release|Any CPU
	EndGlobalSection
	GlobalSection(ProjectConfigurationPlatforms) = postSolution
		{DD6551AA-4629-4AC4-AF03-9D225D9459AF}.Debug|Any CPU.ActiveCfg = Debug|Any CPU
		{DD6551AA-4629-4AC4-AF03-9D225D9459AF}.Debug|Any CPU.Build.0 = Debug|Any CPU
		{DD6551AA-4629-4AC4-AF03-9D225D9459AF}.Release|Any CPU.ActiveCfg = Release|Any CPU
		{DD6551AA-4629-4AC4-AF03-9D225D9459AF}.Release|Any CPU.Build.0 = Release|Any CPU
	EndGlobalSection
	GlobalSection(SolutionProperties) = preSolution
		HideSolutionNode = FALSE
	EndGlobalSection
	GlobalSection(ExtensibilityGlobals) = postSolution
		SolutionGuid = {2AA90576-84EA-4187-A599-9A3E817CA6D3}
	EndGlobalSection
EndGlobal
